
Microsoft Visual Studio Solution File, Format Version 12.00
# Visual Studio Version 17
VisualStudioVersion = 17.9.34616.47
MinimumVisualStudioVersion = 10.0.40219.1
Project("{FAE04EC0-301F-11D3-BF4B-00C04F79EFBC}") = "AsciiGenerator", "AsciiGenerator\AsciiGenerator.csproj", "{AA03E626-A618-405D-B7CF-00F24B5FDF23}"
EndProject
Global
	GlobalSection(SolutionConfigurationPlatforms) = preSolution
		Debug|Any CPU = Debug|Any CPU
		Release|Any CPU = Release|Any CPU
	EndGlobalSection
	GlobalSection(ProjectConfigurationPlatforms) = postSolution
		{AA03E626-A618-405D-B7CF-00F24B5FDF23}.Debug|Any CPU.ActiveCfg = Debug|Any CPU
		{AA03E626-A618-405D-B7CF-00F24B5FDF23}.Debug|Any CPU.Build.0 = Debug|Any CPU
		{AA03E626-A618-405D-B7CF-00F24B5FDF23}.Release|Any CPU.ActiveCfg = Release|Any CPU
		{AA03E626-A618-405D-B7CF-00F24B5FDF23}.Release|Any CPU.Build.0 = Release|Any CPU
	EndGlobalSection
	GlobalSection(SolutionProperties) = preSolution
		HideSolutionNode = FALSE
	EndGlobalSection
	GlobalSection(ExtensibilityGlobals) = postSolution
		SolutionGuid = {2F25C397-9170-4557-B1B5-4055A4DF7E0D}
	EndGlobalSection
EndGlobal
